
Microsoft Visual Studio Solution File, Format Version 12.00
# Visual Studio 15
VisualStudioVersion = 15.0.28307.757
MinimumVisualStudioVersion = 10.0.40219.1
Project("{FAE04EC0-301F-11D3-BF4B-00C04F79EFBC}") = "AdoExamBooks", "AdoExamBooks\AdoExamBooks.csproj", "{D760D297-C3C6-4721-96AD-BB56FF98B19A}"
EndProject
Global
	GlobalSection(SolutionConfigurationPlatforms) = preSolution
		Debug|Any CPU = Debug|Any CPU
		Release|Any CPU = Release|Any CPU
	EndGlobalSection
	GlobalSection(ProjectConfigurationPlatforms) = postSolution
		{D760D297-C3C6-4721-96AD-BB56FF98B19A}.Debug|Any CPU.ActiveCfg = Debug|Any CPU
		{D760D297-C3C6-4721-96AD-BB56FF98B19A}.Debug|Any CPU.Build.0 = Debug|Any CPU
		{D760D297-C3C6-4721-96AD-BB56FF98B19A}.Release|Any CPU.ActiveCfg = Release|Any CPU
		{D760D297-C3C6-4721-96AD-BB56FF98B19A}.Release|Any CPU.Build.0 = Release|Any CPU
	EndGlobalSection
	GlobalSection(SolutionProperties) = preSolution
		HideSolutionNode = FALSE
	EndGlobalSection
	GlobalSection(ExtensibilityGlobals) = postSolution
		SolutionGuid = {6BCC2A35-1003-4D9E-B095-04177C82A718}
	EndGlobalSection
EndGlobal
